
Microsoft Visual Studio Solution File, Format Version 12.00
# Visual Studio Version 17
VisualStudioVersion = 17.14.36408.4
MinimumVisualStudioVersion = 10.0.40219.1
Project("{FAE04EC0-301F-11D3-BF4B-00C04F79EFBC}") = "ApiMonetizationGateway", "ApiMonetizationGateway.csproj", "{FC4C35E2-C245-486C-A93B-0EA22C556BFF}"
EndProject
Project("{FAE04EC0-301F-11D3-BF4B-00C04F79EFBC}") = "ApiMonetizationGateway.Tests", "..\ApiMonetizationGateway.Test\ApiMonetizationGateway.Tests.csproj", "{770169D4-BF91-4517-9F50-8337F83C34C9}"
EndProject
Global
	GlobalSection(SolutionConfigurationPlatforms) = preSolution
		Debug|Any CPU = Debug|Any CPU
		Release|Any CPU = Release|Any CPU
	EndGlobalSection
	GlobalSection(ProjectConfigurationPlatforms) = postSolution
		{FC4C35E2-C245-486C-A93B-0EA22C556BFF}.Debug|Any CPU.ActiveCfg = Debug|Any CPU
		{FC4C35E2-C245-486C-A93B-0EA22C556BFF}.Debug|Any CPU.Build.0 = Debug|Any CPU
		{FC4C35E2-C245-486C-A93B-0EA22C556BFF}.Release|Any CPU.ActiveCfg = Release|Any CPU
		{FC4C35E2-C245-486C-A93B-0EA22C556BFF}.Release|Any CPU.Build.0 = Release|Any CPU
		{770169D4-BF91-4517-9F50-8337F83C34C9}.Debug|Any CPU.ActiveCfg = Debug|Any CPU
		{770169D4-BF91-4517-9F50-8337F83C34C9}.Debug|Any CPU.Build.0 = Debug|Any CPU
		{770169D4-BF91-4517-9F50-8337F83C34C9}.Release|Any CPU.ActiveCfg = Release|Any CPU
		{770169D4-BF91-4517-9F50-8337F83C34C9}.Release|Any CPU.Build.0 = Release|Any CPU
	EndGlobalSection
	GlobalSection(SolutionProperties) = preSolution
		HideSolutionNode = FALSE
	EndGlobalSection
	GlobalSection(ExtensibilityGlobals) = postSolution
		SolutionGuid = {CBC51CAE-AECD-4598-AC6B-593806A07FAB}
	EndGlobalSection
EndGlobal
